github.com/dropbox/dropbox-sdk-go-unofficial/v6 v6.6.1 h1:NS9fm6KmJTN2J6YzF70QrZ0tMPYOrs+GL9uPVI0K9Ug=
github.com/dropbox/dropbox-sdk-go-unofficial/v6 v6.6.1/go.mod h1:gDXhl0OElhzYoDsYWHr1RXjpxjGeLzEvjYzH7sZV73k=
github.com/goforj/storage/storagecore v0.5.0 h1:1NHEDS/P6BOEOk0DIq5gQsvgz/Zew3v1ZG2XZ3pZ9Zw=
github.com/goforj/storage/storagecore v0.5.0/go.mod h1:n6epEk/dinioVPKa8VkWduaf0b1ggcnycXRmd6nURCY=
golang.org/x/oauth2 v0.30.0 h1:dnDm7JmhM45NNpd8FDDeLhK6FwqbOf4MLCM9zb1BOHI=
golang.org/x/oauth2 v0.30.0/go.mod h1:B++QgG3ZKulg6sRPGD/mqlHQs5rB3Ml9erfeDY7xKlU=
