github.com/goforj/storage/storagecore v0.5.0 h1:1NHEDS/P6BOEOk0DIq5gQsvgz/Zew3v1ZG2XZ3pZ9Zw=
github.com/goforj/storage/storagecore v0.5.0/go.mod h1:n6epEk/dinioVPKa8VkWduaf0b1ggcnycXRmd6nURCY=
github.com/goftp/file-driver v0.0.0-20180502053751-5d604a0fc0c9 h1:cC0Hbb+18DJ4i6ybqDybvj4wdIDS4vnD0QEci98PgM8=
github.com/goftp/file-driver v0.0.0-20180502053751-5d604a0fc0c9/go.mod h1:GpOj6zuVBG3Inr9qjEnuVTgBlk2lZ1S9DcoFiXWyKss=
github.com/goftp/server v0.0.0-20200708154336-f64f7c2d8a42 h1:JdOp2qR5PF4O75tzHeqrwnDDv8oHDptWyTbyYS4fD8E=
github.com/goftp/server v0.0.0-20200708154336-f64f7c2d8a42/go.mod h1:k/SS6VWkxY7dHPhoMQ8IdRu8L4lQtmGbhyXGg+vCnXE=
github.com/jlaffaye/ftp v0.2.4 h1:JqI85DdkfZj8ntaHk8W9U2SC3jNfiPUU70+wtIWmlfE=
github.com/jlaffaye/ftp v0.2.4/go.mod h1:Y1ZnkzxownGIuX7xQ1mQzzkZ21+DbjVIyeKL/V+IIz4=
github.com/stretchr/testify v1.12.1 h1:EuwCh5fleGS7H32xRwO3wRGT7DxrDhLAT6FF8MpWDWE=
github.com/stretchr/testify v1.12.1/go.mod h1:MDEgiDPPsNp5cuIrHPPCyornHKgEVbtFUmoNlxoYthg=
go.yaml.in/yaml/v3 v3.0.5 h1:N6y/pJk8buWs9NY5ERU2HSMfm+IuD/OtfdAnq6kESPw=
go.yaml.in/yaml/v3 v3.0.5/go.mod h1:HVTZu1O7/Vkt2N+BFy8Zza+lnLsABggaTM2ZpNIGuKg=
