github.com/goforj/storage/storagecore v0.5.0 h1:1NHEDS/P6BOEOk0DIq5gQsvgz/Zew3v1ZG2XZ3pZ9Zw=
github.com/goforj/storage/storagecore v0.5.0/go.mod h1:n6epEk/dinioVPKa8VkWduaf0b1ggcnycXRmd6nURCY=
golang.org/x/sys v0.44.0 h1:ildZl3J4uzeKP07r2F++Op7E9B29JRUy+a27EibtBTQ=
golang.org/x/sys v0.44.0/go.mod h1:4GL1E5IUh+htKOUEOaiffhrAeqysfVGipDYzABqnCmw=
